// !$*UTF8*$!
{
	archiveVersion = 1;
	classes = {
	};
	objectVersion = 55;
	objects = {

/* Begin PBXBuildFile section */
		B804B7CE28B540F4007A7743 /* Configure.swift in Sources */ = {isa = PBXBuildFile; fileRef = B804B7CD28B540F4007A7743 /* Configure.swift */; };
		B804B7D128B541E3007A7743 /* SkeletonView in Frameworks */ = {isa = PBXBuildFile; productRef = B804B7D028B541E3007A7743 /* SkeletonView */; };
		B804B7D428B55F1A007A7743 /* SearchCollectionViewCell.swift in Sources */ = {isa = PBXBuildFile; fileRef = B804B7D328B55F1A007A7743 /* SearchCollectionViewCell.swift */; };
		B804B7D628B55F58007A7743 /* searchCollectionViewModel.swift in Sources */ = {isa = PBXBuildFile; fileRef = B804B7D528B55F58007A7743 /* searchCollectionViewModel.swift */; };
		B804B7D828B575CA007A7743 /* SearchDetailViewModel.swift in Sources */ = {isa = PBXBuildFile; fileRef = B804B7D728B575CA007A7743 /* SearchDetailViewModel.swift */; };
		B804B7DD28B5886F007A7743 /* SearchBar.swift in Sources */ = {isa = PBXBuildFile; fileRef = B804B7DC28B5886F007A7743 /* SearchBar.swift */; };
		B804B7DF28B588A6007A7743 /* SearchBarViewModel.swift in Sources */ = {isa = PBXBuildFile; fileRef = B804B7DE28B588A6007A7743 /* SearchBarViewModel.swift */; };
		B804B7E628B59042007A7743 /* SearchListViewCell.swift in Sources */ = {isa = PBXBuildFile; fileRef = B804B7E528B59042007A7743 /* SearchListViewCell.swift */; };
		B804B7E828B59094007A7743 /* SearchTableViewCellViewModel.swift in Sources */ = {isa = PBXBuildFile; fileRef = B804B7E728B59094007A7743 /* SearchTableViewCellViewModel.swift */; };
		B804B7EA28B594ED007A7743 /* SearchRepository.swift in Sources */ = {isa = PBXBuildFile; fileRef = B804B7E928B594ED007A7743 /* SearchRepository.swift */; };
		B82F00A328A521BE0061E09E /* ChampionDetailViewController.swift in Sources */ = {isa = PBXBuildFile; fileRef = B82F00A228A521BD0061E09E /* ChampionDetailViewController.swift */; };
		B82F00A728A5268F0061E09E /* RxExtension.swift in Sources */ = {isa = PBXBuildFile; fileRef = B82F00A628A5268F0061E09E /* RxExtension.swift */; };
		B82F00A928A5698D0061E09E /* MainViewModel.swift in Sources */ = {isa = PBXBuildFile; fileRef = B82F00A828A5698D0061E09E /* MainViewModel.swift */; };
		B82F00B228A64D060061E09E /* ChampionDetailViewModel.swift in Sources */ = {isa = PBXBuildFile; fileRef = B82F00B128A64D060061E09E /* ChampionDetailViewModel.swift */; };
		B838E02D28A24C2400169486 /* ChampionDetailRepository.swift in Sources */ = {isa = PBXBuildFile; fileRef = B838E02C28A24C2400169486 /* ChampionDetailRepository.swift */; };
		B838E04028A272DB00169486 /* HomeViewController.swift in Sources */ = {isa = PBXBuildFile; fileRef = B838E03F28A272DB00169486 /* HomeViewController.swift */; };
		B838E04228A2730A00169486 /* ChampionListViewController.swift in Sources */ = {isa = PBXBuildFile; fileRef = B838E04128A2730A00169486 /* ChampionListViewController.swift */; };
		B838E04528A2941600169486 /* BaseExtension.swift in Sources */ = {isa = PBXBuildFile; fileRef = B838E04428A2941600169486 /* BaseExtension.swift */; };
		B84330E528B2A753001B679B /* PlayerDetailRepository.swift in Sources */ = {isa = PBXBuildFile; fileRef = B84330E428B2A753001B679B /* PlayerDetailRepository.swift */; };
		B84330E828B2D48C001B679B /* MostChampionViewModel.swift in Sources */ = {isa = PBXBuildFile; fileRef = B84330E728B2D48C001B679B /* MostChampionViewModel.swift */; };
		B84330EA28B2D4AC001B679B /* MostChampionCollectionViewCell.swift in Sources */ = {isa = PBXBuildFile; fileRef = B84330E928B2D4AC001B679B /* MostChampionCollectionViewCell.swift */; };
		B847DAB328AD61A200C257F8 /* TierTagViewModel.swift in Sources */ = {isa = PBXBuildFile; fileRef = B847DAB228AD61A200C257F8 /* TierTagViewModel.swift */; };
		B847DAB528AD630B00C257F8 /* TierTagsCollectionViewCell.swift in Sources */ = {isa = PBXBuildFile; fileRef = B847DAB428AD630B00C257F8 /* TierTagsCollectionViewCell.swift */; };
		B8638779289F30D100331324 /* RxAlamofire in Frameworks */ = {isa = PBXBuildFile; productRef = B8638778289F30D100331324 /* RxAlamofire */; };
		B86387BB289F55FA00331324 /* MainRepository.swift in Sources */ = {isa = PBXBuildFile; fileRef = B86387BA289F55FA00331324 /* MainRepository.swift */; };
		B86387C3289F5D1A00331324 /* UiState.swift in Sources */ = {isa = PBXBuildFile; fileRef = B86387C2289F5D1A00331324 /* UiState.swift */; };
		B86387C7289F5FF800331324 /* ChampionListApi.swift in Sources */ = {isa = PBXBuildFile; fileRef = B86387C6289F5FF800331324 /* ChampionListApi.swift */; };
		B86387CB289F670F00331324 /* ChampionCommentCountApi.swift in Sources */ = {isa = PBXBuildFile; fileRef = B86387CA289F670F00331324 /* ChampionCommentCountApi.swift */; };
		B86387CD289F679400331324 /* ChampionCommentApi.swift in Sources */ = {isa = PBXBuildFile; fileRef = B86387CC289F679400331324 /* ChampionCommentApi.swift */; };
		B86387D0289F744700331324 /* ChampionGoodAtPlayerApi.swift in Sources */ = {isa = PBXBuildFile; fileRef = B86387CF289F744700331324 /* ChampionGoodAtPlayerApi.swift */; };
		B86387D2289F792C00331324 /* PlayerMmrRankApi.swift in Sources */ = {isa = PBXBuildFile; fileRef = B86387D1289F792C00331324 /* PlayerMmrRankApi.swift */; };
		B86387D4289F843D00331324 /* PlayerDetailApi.swift in Sources */ = {isa = PBXBuildFile; fileRef = B86387D3289F843D00331324 /* PlayerDetailApi.swift */; };
		B877168528B406F8008C3738 /* TierDetailViewController.swift in Sources */ = {isa = PBXBuildFile; fileRef = B877168428B406F8008C3738 /* TierDetailViewController.swift */; };
		B877168728B40713008C3738 /* SearchDetailViewController.swift in Sources */ = {isa = PBXBuildFile; fileRef = B877168628B40713008C3738 /* SearchDetailViewController.swift */; };
		B88AE9F3289E2B6B000EAD22 /* AppDelegate.swift in Sources */ = {isa = PBXBuildFile; fileRef = B88AE9F2289E2B6B000EAD22 /* AppDelegate.swift */; };
		B88AE9F5289E2B6B000EAD22 /* SceneDelegate.swift in Sources */ = {isa = PBXBuildFile; fileRef = B88AE9F4289E2B6B000EAD22 /* SceneDelegate.swift */; };
		B88AE9FC289E2B6E000EAD22 /* Assets.xcassets in Resources */ = {isa = PBXBuildFile; fileRef = B88AE9FB289E2B6E000EAD22 /* Assets.xcassets */; };
		B88AE9FF289E2B6E000EAD22 /* LaunchScreen.storyboard in Resources */ = {isa = PBXBuildFile; fileRef = B88AE9FD289E2B6E000EAD22 /* LaunchScreen.storyboard */; };
		B88AEA07289E2B8F000EAD22 /* MainTabBarController.swift in Sources */ = {isa = PBXBuildFile; fileRef = B88AEA06289E2B8F000EAD22 /* MainTabBarController.swift */; };
		B88AEA15289E2C6C000EAD22 /* RxCocoa in Frameworks */ = {isa = PBXBuildFile; productRef = B88AEA14289E2C6C000EAD22 /* RxCocoa */; };
		B88AEA17289E2C6C000EAD22 /* RxRelay in Frameworks */ = {isa = PBXBuildFile; productRef = B88AEA16289E2C6C000EAD22 /* RxRelay */; };
		B88AEA19289E2C6C000EAD22 /* RxSwift in Frameworks */ = {isa = PBXBuildFile; productRef = B88AEA18289E2C6C000EAD22 /* RxSwift */; };
		B88AEA1C289E2C92000EAD22 /* Alamofire in Frameworks */ = {isa = PBXBuildFile; productRef = B88AEA1B289E2C92000EAD22 /* Alamofire */; };
		B88AEA1F289E2CB8000EAD22 /* SnapKit in Frameworks */ = {isa = PBXBuildFile; productRef = B88AEA1E289E2CB8000EAD22 /* SnapKit */; };
		B88AEA22289E2CDA000EAD22 /* Then in Frameworks */ = {isa = PBXBuildFile; productRef = B88AEA21289E2CDA000EAD22 /* Then */; };
		B88AEA25289E2CFE000EAD22 /* Kingfisher in Frameworks */ = {isa = PBXBuildFile; productRef = B88AEA24289E2CFE000EAD22 /* Kingfisher */; };
		B88AEA27289E2E4D000EAD22 /* ApiService.swift in Sources */ = {isa = PBXBuildFile; fileRef = B88AEA26289E2E4D000EAD22 /* ApiService.swift */; };
		B8904A55289F9B8D0051D4E9 /* SearchPreview.swift in Sources */ = {isa = PBXBuildFile; fileRef = B8904A54289F9B8D0051D4E9 /* SearchPreview.swift */; };
		B8904A59289FCB850051D4E9 /* ChampionRecommendApi.swift in Sources */ = {isa = PBXBuildFile; fileRef = B8904A58289FCB850051D4E9 /* ChampionRecommendApi.swift */; };
		B8904A5D289FCFF90051D4E9 /* ChampionTierListApi.swift in Sources */ = {isa = PBXBuildFile; fileRef = B8904A5C289FCFF90051D4E9 /* ChampionTierListApi.swift */; };
		B8953E2528A39A3200AAC1E5 /* ChampionListViewModel.swift in Sources */ = {isa = PBXBuildFile; fileRef = B8953E2428A39A3200AAC1E5 /* ChampionListViewModel.swift */; };
		B8953E2728A3C3D500AAC1E5 /* ChampionListViewCell.swift in Sources */ = {isa = PBXBuildFile; fileRef = B8953E2628A3C3D500AAC1E5 /* ChampionListViewCell.swift */; };
		B8953E2928A3E9EA00AAC1E5 /* HomeViewModel.swift in Sources */ = {isa = PBXBuildFile; fileRef = B8953E2828A3E9EA00AAC1E5 /* HomeViewModel.swift */; };
		B8B0BE1128B1589E00546094 /* SkillDetailViewModel.swift in Sources */ = {isa = PBXBuildFile; fileRef = B8B0BE1028B1589E00546094 /* SkillDetailViewModel.swift */; };
		B8B0BE1328B158CC00546094 /* SkillDetailViewController.swift in Sources */ = {isa = PBXBuildFile; fileRef = B8B0BE1228B158CC00546094 /* SkillDetailViewController.swift */; };
		B8B17D4528A0F1580093AFD1 /* ChampionDetailApi.swift in Sources */ = {isa = PBXBuildFile; fileRef = B8B17D4428A0F1580093AFD1 /* ChampionDetailApi.swift */; };
		B8B17D4728A13F530093AFD1 /* UrlConverter.swift in Sources */ = {isa = PBXBuildFile; fileRef = B8B17D4628A13F530093AFD1 /* UrlConverter.swift */; };
		B8D0674328A797660081E831 /* SkinsCollectionViewCell.swift in Sources */ = {isa = PBXBuildFile; fileRef = B8D0674228A797660081E831 /* SkinsCollectionViewCell.swift */; };
		B8D0674528A7977B0081E831 /* SkinsViewModel.swift in Sources */ = {isa = PBXBuildFile; fileRef = B8D0674428A7977B0081E831 /* SkinsViewModel.swift */; };
		B8D0674728A799410081E831 /* TagsCollectionViewCell.swift in Sources */ = {isa = PBXBuildFile; fileRef = B8D0674628A799410081E831 /* TagsCollectionViewCell.swift */; };
		B8D0674928A799880081E831 /* TagsViewModel.swift in Sources */ = {isa = PBXBuildFile; fileRef = B8D0674828A799880081E831 /* TagsViewModel.swift */; };
		B8D0674B28A799B80081E831 /* SkillsCollectionViewCell.swift in Sources */ = {isa = PBXBuildFile; fileRef = B8D0674A28A799B80081E831 /* SkillsCollectionViewCell.swift */; };
		B8D0674D28A799E60081E831 /* SkillsViewModel.swift in Sources */ = {isa = PBXBuildFile; fileRef = B8D0674C28A799E60081E831 /* SkillsViewModel.swift */; };
		B8D0674F28A79A130081E831 /* LoreCollectionViewCell.swift in Sources */ = {isa = PBXBuildFile; fileRef = B8D0674E28A79A130081E831 /* LoreCollectionViewCell.swift */; };
		B8D0675128A79A500081E831 /* LoreViewModel.swift in Sources */ = {isa = PBXBuildFile; fileRef = B8D0675028A79A500081E831 /* LoreViewModel.swift */; };
		B8D0675328A79A6E0081E831 /* LankCollectionViewCell.swift in Sources */ = {isa = PBXBuildFile; fileRef = B8D0675228A79A6E0081E831 /* LankCollectionViewCell.swift */; };
		B8D0675528A79A990081E831 /* LankViewModel.swift in Sources */ = {isa = PBXBuildFile; fileRef = B8D0675428A79A990081E831 /* LankViewModel.swift */; };
		B8D0675728A79AB30081E831 /* CommentCollectionViewCell.swift in Sources */ = {isa = PBXBuildFile; fileRef = B8D0675628A79AB30081E831 /* CommentCollectionViewCell.swift */; };
		B8D0675928A79ACC0081E831 /* CommentViewModel.swift in Sources */ = {isa = PBXBuildFile; fileRef = B8D0675828A79ACC0081E831 /* CommentViewModel.swift */; };
		B8EBEE2428ACDFD7002D170E /* RecommendCollectionViewCell.swift in Sources */ = {isa = PBXBuildFile; fileRef = B8EBEE2328ACDFD7002D170E /* RecommendCollectionViewCell.swift */; };
		B8EBEE2628ACDFEE002D170E /* RecommendViewModel.swift in Sources */ = {isa = PBXBuildFile; fileRef = B8EBEE2528ACDFEE002D170E /* RecommendViewModel.swift */; };
		B8EBEE2828ACE0A4002D170E /* TierCollectionViewCell.swift in Sources */ = {isa = PBXBuildFile; fileRef = B8EBEE2728ACE0A4002D170E /* TierCollectionViewCell.swift */; };
		B8EBEE2A28ACE0C0002D170E /* TierListViewModel.swift in Sources */ = {isa = PBXBuildFile; fileRef = B8EBEE2928ACE0C0002D170E /* TierListViewModel.swift */; };
		B8EBEE2C28ACE0F4002D170E /* PlayerRankViewModel.swift in Sources */ = {isa = PBXBuildFile; fileRef = B8EBEE2B28ACE0F4002D170E /* PlayerRankViewModel.swift */; };
		B8EBEE2E28ACE112002D170E /* PlayerRankCollectionViewCell.swift in Sources */ = {isa = PBXBuildFile; fileRef = B8EBEE2D28ACE112002D170E /* PlayerRankCollectionViewCell.swift */; };
		B8EBEE3128ACE362002D170E /* DefaultCollectionViewHeader.swift in Sources */ = {isa = PBXBuildFile; fileRef = B8EBEE3028ACE362002D170E /* DefaultCollectionViewHeader.swift */; };
		B8FFBA7B28AFEFFA007867F5 /* PlayerDetailViewController.swift in Sources */ = {isa = PBXBuildFile; fileRef = B8FFBA7A28AFEFFA007867F5 /* PlayerDetailViewController.swift */; };
		B8FFBA7D28AFF02B007867F5 /* PlayerDetailViewModel.swift in Sources */ = {isa = PBXBuildFile; fileRef = B8FFBA7C28AFF02B007867F5 /* PlayerDetailViewModel.swift */; };
		B8FFBA8628AFF223007867F5 /* SummonerCollectionViewCell.swift in Sources */ = {isa = PBXBuildFile; fileRef = B8FFBA8528AFF223007867F5 /* SummonerCollectionViewCell.swift */; };
		B8FFBA8828AFF25D007867F5 /* SummonerViewModel.swift in Sources */ = {isa = PBXBuildFile; fileRef = B8FFBA8728AFF25D007867F5 /* SummonerViewModel.swift */; };
		B8FFBA8C28AFF2CA007867F5 /* MostChampionGuideViewModel.swift in Sources */ = {isa = PBXBuildFile; fileRef = B8FFBA8B28AFF2CA007867F5 /* MostChampionGuideViewModel.swift */; };
		B8FFBA8E28AFF2E0007867F5 /* MatchViewModel.swift in Sources */ = {isa = PBXBuildFile; fileRef = B8FFBA8D28AFF2E0007867F5 /* MatchViewModel.swift */; };
		B8FFBA9228AFF35C007867F5 /* MostChampionGuideCollectionViewCell.swift in Sources */ = {isa = PBXBuildFile; fileRef = B8FFBA9128AFF35C007867F5 /* MostChampionGuideCollectionViewCell.swift */; };
		B8FFBA9428AFF389007867F5 /* MatchCollectionViewCell.swift in Sources */ = {isa = PBXBuildFile; fileRef = B8FFBA9328AFF389007867F5 /* MatchCollectionViewCell.swift */; };
/* End PBXBuildFile section */

/* Begin PBXFileReference section */
		B804B7CD28B540F4007A7743 /* Configure.swift */ = {isa = PBXFileReference; lastKnownFileType = sourcecode.swift; path = Configure.swift; sourceTree = "<group>"; };
		B804B7D328B55F1A007A7743 /* SearchCollectionViewCell.swift */ = {isa = PBXFileReference; lastKnownFileType = sourcecode.swift; path = SearchCollectionViewCell.swift; sourceTree = "<group>"; };
		B804B7D528B55F58007A7743 /* searchCollectionViewModel.swift */ = {isa = PBXFileReference; lastKnownFileType = sourcecode.swift; path = searchCollectionViewModel.swift; sourceTree = "<group>"; };
		B804B7D728B575CA007A7743 /* SearchDetailViewModel.swift */ = {isa = PBXFileReference; lastKnownFileType = sourcecode.swift; path = SearchDetailViewModel.swift; sourceTree = "<group>"; };
		B804B7DC28B5886F007A7743 /* SearchBar.swift */ = {isa = PBXFileReference; lastKnownFileType = sourcecode.swift; path = SearchBar.swift; sourceTree = "<group>"; };
		B804B7DE28B588A6007A7743 /* SearchBarViewModel.swift */ = {isa = PBXFileReference; lastKnownFileType = sourcecode.swift; path = SearchBarViewModel.swift; sourceTree = "<group>"; };
		B804B7E528B59042007A7743 /* SearchListViewCell.swift */ = {isa = PBXFileReference; lastKnownFileType = sourcecode.swift; path = SearchListViewCell.swift; sourceTree = "<group>"; };
		B804B7E728B59094007A7743 /* SearchTableViewCellViewModel.swift */ = {isa = PBXFileReference; lastKnownFileType = sourcecode.swift; path = SearchTableViewCellViewModel.swift; sourceTree = "<group>"; };
		B804B7E928B594ED007A7743 /* SearchRepository.swift */ = {isa = PBXFileReference; lastKnownFileType = sourcecode.swift; path = SearchRepository.swift; sourceTree = "<group>"; };
		B82F00A228A521BD0061E09E /* ChampionDetailViewController.swift */ = {isa = PBXFileReference; lastKnownFileType = sourcecode.swift; path = ChampionDetailViewController.swift; sourceTree = "<group>"; };
		B82F00A628A5268F0061E09E /* RxExtension.swift */ = {isa = PBXFileReference; lastKnownFileType = sourcecode.swift; path = RxExtension.swift; sourceTree = "<group>"; };
		B82F00A828A5698D0061E09E /* MainViewModel.swift */ = {isa = PBXFileReference; lastKnownFileType = sourcecode.swift; path = MainViewModel.swift; sourceTree = "<group>"; };
		B82F00B128A64D060061E09E /* ChampionDetailViewModel.swift */ = {isa = PBXFileReference; lastKnownFileType = sourcecode.swift; path = ChampionDetailViewModel.swift; sourceTree = "<group>"; };
		B838E02C28A24C2400169486 /* ChampionDetailRepository.swift */ = {isa = PBXFileReference; lastKnownFileType = sourcecode.swift; path = ChampionDetailRepository.swift; sourceTree = "<group>"; };
		B838E03F28A272DB00169486 /* HomeViewController.swift */ = {isa = PBXFileReference; lastKnownFileType = sourcecode.swift; path = HomeViewController.swift; sourceTree = "<group>"; };
		B838E04128A2730A00169486 /* ChampionListViewController.swift */ = {isa = PBXFileReference; lastKnownFileType = sourcecode.swift; path = ChampionListViewController.swift; sourceTree = "<group>"; };
		B838E04428A2941600169486 /* BaseExtension.swift */ = {isa = PBXFileReference; lastKnownFileType = sourcecode.swift; path = BaseExtension.swift; sourceTree = "<group>"; };
		B84330E428B2A753001B679B /* PlayerDetailRepository.swift */ = {isa = PBXFileReference; lastKnownFileType = sourcecode.swift; path = PlayerDetailRepository.swift; sourceTree = "<group>"; };
		B84330E728B2D48C001B679B /* MostChampionViewModel.swift */ = {isa = PBXFileReference; lastKnownFileType = sourcecode.swift; path = MostChampionViewModel.swift; sourceTree = "<group>"; };
		B84330E928B2D4AC001B679B /* MostChampionCollectionViewCell.swift */ = {isa = PBXFileReference; lastKnownFileType = sourcecode.swift; path = MostChampionCollectionViewCell.swift; sourceTree = "<group>"; };
		B847DAB228AD61A200C257F8 /* TierTagViewModel.swift */ = {isa = PBXFileReference; lastKnownFileType = sourcecode.swift; path = TierTagViewModel.swift; sourceTree = "<group>"; };
		B847DAB428AD630B00C257F8 /* TierTagsCollectionViewCell.swift */ = {isa = PBXFileReference; lastKnownFileType = sourcecode.swift; path = TierTagsCollectionViewCell.swift; sourceTree = "<group>"; };
		B86387BA289F55FA00331324 /* MainRepository.swift */ = {isa = PBXFileReference; lastKnownFileType = sourcecode.swift; path = MainRepository.swift; sourceTree = "<group>"; };
		B86387C2289F5D1A00331324 /* UiState.swift */ = {isa = PBXFileReference; lastKnownFileType = sourcecode.swift; path = UiState.swift; sourceTree = "<group>"; };
		B86387C6289F5FF800331324 /* ChampionListApi.swift */ = {isa = PBXFileReference; lastKnownFileType = sourcecode.swift; path = ChampionListApi.swift; sourceTree = "<group>"; };
		B86387CA289F670F00331324 /* ChampionCommentCountApi.swift */ = {isa = PBXFileReference; lastKnownFileType = sourcecode.swift; path = ChampionCommentCountApi.swift; sourceTree = "<group>"; };
		B86387CC289F679400331324 /* ChampionCommentApi.swift */ = {isa = PBXFileReference; lastKnownFileType = sourcecode.swift; path = ChampionCommentApi.swift; sourceTree = "<group>"; };
		B86387CF289F744700331324 /* ChampionGoodAtPlayerApi.swift */ = {isa = PBXFileReference; lastKnownFileType = sourcecode.swift; path = ChampionGoodAtPlayerApi.swift; sourceTree = "<group>"; };
		B86387D1289F792C00331324 /* PlayerMmrRankApi.swift */ = {isa = PBXFileReference; lastKnownFileType = sourcecode.swift; path = PlayerMmrRankApi.swift; sourceTree = "<group>"; };
		B86387D3289F843D00331324 /* PlayerDetailApi.swift */ = {isa = PBXFileReference; lastKnownFileType = sourcecode.swift; path = PlayerDetailApi.swift; sourceTree = "<group>"; };
		B877168428B406F8008C3738 /* TierDetailViewController.swift */ = {isa = PBXFileReference; lastKnownFileType = sourcecode.swift; path = TierDetailViewController.swift; sourceTree = "<group>"; };
		B877168628B40713008C3738 /* SearchDetailViewController.swift */ = {isa = PBXFileReference; lastKnownFileType = sourcecode.swift; path = SearchDetailViewController.swift; sourceTree = "<group>"; };
		B88AE9EF289E2B6B000EAD22 /* willd_lol.app */ = {isa = PBXFileReference; explicitFileType = wrapper.application; includeInIndex = 0; path = willd_lol.app; sourceTree = BUILT_PRODUCTS_DIR; };
		B88AE9F2289E2B6B000EAD22 /* AppDelegate.swift */ = {isa = PBXFileReference; lastKnownFileType = sourcecode.swift; path = AppDelegate.swift; sourceTree = "<group>"; };
		B88AE9F4289E2B6B000EAD22 /* SceneDelegate.swift */ = {isa = PBXFileReference; lastKnownFileType = sourcecode.swift; path = SceneDelegate.swift; sourceTree = "<group>"; };
		B88AE9FB289E2B6E000EAD22 /* Assets.xcassets */ = {isa = PBXFileReference; lastKnownFileType = folder.assetcatalog; path = Assets.xcassets; sourceTree = "<group>"; };
		B88AE9FE289E2B6E000EAD22 /* Base */ = {isa = PBXFileReference; lastKnownFileType = file.storyboard; name = Base; path = Base.lproj/LaunchScreen.storyboard; sourceTree = "<group>"; };
		B88AEA00289E2B6E000EAD22 /* Info.plist */ = {isa = PBXFileReference; lastKnownFileType = text.plist.xml; path = Info.plist; sourceTree = "<group>"; };
		B88AEA06289E2B8F000EAD22 /* MainTabBarController.swift */ = {isa = PBXFileReference; lastKnownFileType = sourcecode.swift; path = MainTabBarController.swift; sourceTree = "<group>"; };
		B88AEA26289E2E4D000EAD22 /* ApiService.swift */ = {isa = PBXFileReference; lastKnownFileType = sourcecode.swift; path = ApiService.swift; sourceTree = "<group>"; };
		B8904A54289F9B8D0051D4E9 /* SearchPreview.swift */ = {isa = PBXFileReference; lastKnownFileType = sourcecode.swift; path = SearchPreview.swift; sourceTree = "<group>"; };
		B8904A58289FCB850051D4E9 /* ChampionRecommendApi.swift */ = {isa = PBXFileReference; lastKnownFileType = sourcecode.swift; path = ChampionRecommendApi.swift; sourceTree = "<group>"; };
		B8904A5C289FCFF90051D4E9 /* ChampionTierListApi.swift */ = {isa = PBXFileReference; lastKnownFileType = sourcecode.swift; path = ChampionTierListApi.swift; sourceTree = "<group>"; };
		B8953E2428A39A3200AAC1E5 /* ChampionListViewModel.swift */ = {isa = PBXFileReference; lastKnownFileType = sourcecode.swift; path = ChampionListViewModel.swift; sourceTree = "<group>"; };
		B8953E2628A3C3D500AAC1E5 /* ChampionListViewCell.swift */ = {isa = PBXFileReference; lastKnownFileType = sourcecode.swift; path = ChampionListViewCell.swift; sourceTree = "<group>"; };
		B8953E2828A3E9EA00AAC1E5 /* HomeViewModel.swift */ = {isa = PBXFileReference; lastKnownFileType = sourcecode.swift; path = HomeViewModel.swift; sourceTree = "<group>"; };
		B8B0BE1028B1589E00546094 /* SkillDetailViewModel.swift */ = {isa = PBXFileReference; lastKnownFileType = sourcecode.swift; path = SkillDetailViewModel.swift; sourceTree = "<group>"; };
		B8B0BE1228B158CC00546094 /* SkillDetailViewController.swift */ = {isa = PBXFileReference; lastKnownFileType = sourcecode.swift; path = SkillDetailViewController.swift; sourceTree = "<group>"; };
		B8B17D4428A0F1580093AFD1 /* ChampionDetailApi.swift */ = {isa = PBXFileReference; lastKnownFileType = sourcecode.swift; path = ChampionDetailApi.swift; sourceTree = "<group>"; };
		B8B17D4628A13F530093AFD1 /* UrlConverter.swift */ = {isa = PBXFileReference; lastKnownFileType = sourcecode.swift; path = UrlConverter.swift; sourceTree = "<group>"; };
		B8D0674228A797660081E831 /* SkinsCollectionViewCell.swift */ = {isa = PBXFileReference; lastKnownFileType = sourcecode.swift; path = SkinsCollectionViewCell.swift; sourceTree = "<group>"; };
		B8D0674428A7977B0081E831 /* SkinsViewModel.swift */ = {isa = PBXFileReference; lastKnownFileType = sourcecode.swift; path = SkinsViewModel.swift; sourceTree = "<group>"; };
		B8D0674628A799410081E831 /* TagsCollectionViewCell.swift */ = {isa = PBXFileReference; lastKnownFileType = sourcecode.swift; path = TagsCollectionViewCell.swift; sourceTree = "<group>"; };
		B8D0674828A799880081E831 /* TagsViewModel.swift */ = {isa = PBXFileReference; lastKnownFileType = sourcecode.swift; path = TagsViewModel.swift; sourceTree = "<group>"; };
		B8D0674A28A799B80081E831 /* SkillsCollectionViewCell.swift */ = {isa = PBXFileReference; lastKnownFileType = sourcecode.swift; path = SkillsCollectionViewCell.swift; sourceTree = "<group>"; };
		B8D0674C28A799E60081E831 /* SkillsViewModel.swift */ = {isa = PBXFileReference; lastKnownFileType = sourcecode.swift; path = SkillsViewModel.swift; sourceTree = "<group>"; };
		B8D0674E28A79A130081E831 /* LoreCollectionViewCell.swift */ = {isa = PBXFileReference; lastKnownFileType = sourcecode.swift; path = LoreCollectionViewCell.swift; sourceTree = "<group>"; };
		B8D0675028A79A500081E831 /* LoreViewModel.swift */ = {isa = PBXFileReference; lastKnownFileType = sourcecode.swift; path = LoreViewModel.swift; sourceTree = "<group>"; };
		B8D0675228A79A6E0081E831 /* LankCollectionViewCell.swift */ = {isa = PBXFileReference; lastKnownFileType = sourcecode.swift; path = LankCollectionViewCell.swift; sourceTree = "<group>"; };
		B8D0675428A79A990081E831 /* LankViewModel.swift */ = {isa = PBXFileReference; lastKnownFileType = sourcecode.swift; path = LankViewModel.swift; sourceTree = "<group>"; };
		B8D0675628A79AB30081E831 /* CommentCollectionViewCell.swift */ = {isa = PBXFileReference; lastKnownFileType = sourcecode.swift; path = CommentCollectionViewCell.swift; sourceTree = "<group>"; };
		B8D0675828A79ACC0081E831 /* CommentViewModel.swift */ = {isa = PBXFileReference; lastKnownFileType = sourcecode.swift; path = CommentViewModel.swift; sourceTree = "<group>"; };
		B8EBEE2328ACDFD7002D170E /* RecommendCollectionViewCell.swift */ = {isa = PBXFileReference; lastKnownFileType = sourcecode.swift; path = RecommendCollectionViewCell.swift; sourceTree = "<group>"; };
		B8EBEE2528ACDFEE002D170E /* RecommendViewModel.swift */ = {isa = PBXFileReference; lastKnownFileType = sourcecode.swift; path = RecommendViewModel.swift; sourceTree = "<group>"; };
		B8EBEE2728ACE0A4002D170E /* TierCollectionViewCell.swift */ = {isa = PBXFileReference; lastKnownFileType = sourcecode.swift; path = TierCollectionViewCell.swift; sourceTree = "<group>"; };
		B8EBEE2928ACE0C0002D170E /* TierListViewModel.swift */ = {isa = PBXFileReference; lastKnownFileType = sourcecode.swift; path = TierListViewModel.swift; sourceTree = "<group>"; };
		B8EBEE2B28ACE0F4002D170E /* PlayerRankViewModel.swift */ = {isa = PBXFileReference; lastKnownFileType = sourcecode.swift; path = PlayerRankViewModel.swift; sourceTree = "<group>"; };
		B8EBEE2D28ACE112002D170E /* PlayerRankCollectionViewCell.swift */ = {isa = PBXFileReference; lastKnownFileType = sourcecode.swift; path = PlayerRankCollectionViewCell.swift; sourceTree = "<group>"; };
		B8EBEE3028ACE362002D170E /* DefaultCollectionViewHeader.swift */ = {isa = PBXFileReference; lastKnownFileType = sourcecode.swift; path = DefaultCollectionViewHeader.swift; sourceTree = "<group>"; };
		B8FFBA7A28AFEFFA007867F5 /* PlayerDetailViewController.swift */ = {isa = PBXFileReference; lastKnownFileType = sourcecode.swift; path = PlayerDetailViewController.swift; sourceTree = "<group>"; };
		B8FFBA7C28AFF02B007867F5 /* PlayerDetailViewModel.swift */ = {isa = PBXFileReference; lastKnownFileType = sourcecode.swift; path = PlayerDetailViewModel.swift; sourceTree = "<group>"; };
		B8FFBA8528AFF223007867F5 /* SummonerCollectionViewCell.swift */ = {isa = PBXFileReference; lastKnownFileType = sourcecode.swift; path = SummonerCollectionViewCell.swift; sourceTree = "<group>"; };
		B8FFBA8728AFF25D007867F5 /* SummonerViewModel.swift */ = {isa = PBXFileReference; lastKnownFileType = sourcecode.swift; path = SummonerViewModel.swift; sourceTree = "<group>"; };
		B8FFBA8B28AFF2CA007867F5 /* MostChampionGuideViewModel.swift */ = {isa = PBXFileReference; lastKnownFileType = sourcecode.swift; path = MostChampionGuideViewModel.swift; sourceTree = "<group>"; };
		B8FFBA8D28AFF2E0007867F5 /* MatchViewModel.swift */ = {isa = PBXFileReference; lastKnownFileType = sourcecode.swift; path = MatchViewModel.swift; sourceTree = "<group>"; };
		B8FFBA9128AFF35C007867F5 /* MostChampionGuideCollectionViewCell.swift */ = {isa = PBXFileReference; lastKnownFileType = sourcecode.swift; path = MostChampionGuideCollectionViewCell.swift; sourceTree = "<group>"; };
		B8FFBA9328AFF389007867F5 /* MatchCollectionViewCell.swift */ = {isa = PBXFileReference; lastKnownFileType = sourcecode.swift; path = MatchCollectionViewCell.swift; sourceTree = "<group>"; };
/* End PBXFileReference section */

/* Begin PBXFrameworksBuildPhase section */
		B88AE9EC289E2B6B000EAD22 /* Frameworks */ = {
			isa = PBXFrameworksBuildPhase;
			buildActionMask = 2147483647;
			files = (
				B88AEA19289E2C6C000EAD22 /* RxSwift in Frameworks */,
				B88AEA22289E2CDA000EAD22 /* Then in Frameworks */,
				B88AEA25289E2CFE000EAD22 /* Kingfisher in Frameworks */,
				B88AEA1C289E2C92000EAD22 /* Alamofire in Frameworks */,
				B88AEA17289E2C6C000EAD22 /* RxRelay in Frameworks */,
				B8638779289F30D100331324 /* RxAlamofire in Frameworks */,
				B88AEA15289E2C6C000EAD22 /* RxCocoa in Frameworks */,
				B804B7D128B541E3007A7743 /* SkeletonView in Frameworks */,
				B88AEA1F289E2CB8000EAD22 /* SnapKit in Frameworks */,
			);
			runOnlyForDeploymentPostprocessing = 0;
		};
/* End PBXFrameworksBuildPhase section */

/* Begin PBXGroup section */
		B804B7D228B55F0A007A7743 /* Search */ = {
			isa = PBXGroup;
			children = (
				B804B7D328B55F1A007A7743 /* SearchCollectionViewCell.swift */,
				B804B7D528B55F58007A7743 /* searchCollectionViewModel.swift */,
			);
			path = Search;
			sourceTree = "<group>";
		};
		B804B7D928B58837007A7743 /* Subcontents */ = {
			isa = PBXGroup;
			children = (
				B804B7DA28B5884D007A7743 /* SearchBar */,
				B804B7DB28B58854007A7743 /* TableView */,
			);
			path = Subcontents;
			sourceTree = "<group>";
		};
		B804B7DA28B5884D007A7743 /* SearchBar */ = {
			isa = PBXGroup;
			children = (
				B804B7DC28B5886F007A7743 /* SearchBar.swift */,
				B804B7DE28B588A6007A7743 /* SearchBarViewModel.swift */,
			);
			path = SearchBar;
			sourceTree = "<group>";
		};
		B804B7DB28B58854007A7743 /* TableView */ = {
			isa = PBXGroup;
			children = (
				B804B7E528B59042007A7743 /* SearchListViewCell.swift */,
				B804B7E728B59094007A7743 /* SearchTableViewCellViewModel.swift */,
			);
			path = TableView;
			sourceTree = "<group>";
		};
		B809290728AC06DF0023E80E /* Api */ = {
			isa = PBXGroup;
			children = (
				B86387C6289F5FF800331324 /* ChampionListApi.swift */,
				B86387CA289F670F00331324 /* ChampionCommentCountApi.swift */,
				B86387CC289F679400331324 /* ChampionCommentApi.swift */,
				B86387CF289F744700331324 /* ChampionGoodAtPlayerApi.swift */,
				B86387D1289F792C00331324 /* PlayerMmrRankApi.swift */,
				B86387D3289F843D00331324 /* PlayerDetailApi.swift */,
				B8904A54289F9B8D0051D4E9 /* SearchPreview.swift */,
				B8904A58289FCB850051D4E9 /* ChampionRecommendApi.swift */,
				B8904A5C289FCFF90051D4E9 /* ChampionTierListApi.swift */,
				B8B17D4428A0F1580093AFD1 /* ChampionDetailApi.swift */,
			);
			path = Api;
			sourceTree = "<group>";
		};
		B82F00AD28A6216D0061E09E /* MainTapBar */ = {
			isa = PBXGroup;
			children = (
				B88AEA06289E2B8F000EAD22 /* MainTabBarController.swift */,
				B82F00A828A5698D0061E09E /* MainViewModel.swift */,
				B82F00AE28A6219A0061E09E /* Home */,
				B82F00AF28A621B20061E09E /* ChampionList */,
			);
			path = MainTapBar;
			sourceTree = "<group>";
		};
		B82F00AE28A6219A0061E09E /* Home */ = {
			isa = PBXGroup;
			children = (
				B838E03F28A272DB00169486 /* HomeViewController.swift */,
				B8953E2828A3E9EA00AAC1E5 /* HomeViewModel.swift */,
				B8EBEE1F28ACDF55002D170E /* SubContents */,
			);
			path = Home;
			sourceTree = "<group>";
		};
		B82F00AF28A621B20061E09E /* ChampionList */ = {
			isa = PBXGroup;
			children = (
				B838E04128A2730A00169486 /* ChampionListViewController.swift */,
				B8953E2428A39A3200AAC1E5 /* ChampionListViewModel.swift */,
				B8953E2628A3C3D500AAC1E5 /* ChampionListViewCell.swift */,
			);
			path = ChampionList;
			sourceTree = "<group>";
		};
		B82F00B028A621DF0061E09E /* ChampionDetail */ = {
			isa = PBXGroup;
			children = (
				B82F00A228A521BD0061E09E /* ChampionDetailViewController.swift */,
				B82F00B128A64D060061E09E /* ChampionDetailViewModel.swift */,
				B8D0673928A795500081E831 /* SubContents */,
			);
			path = ChampionDetail;
			sourceTree = "<group>";
		};
		B838E04328A2940700169486 /* Extension */ = {
			isa = PBXGroup;
			children = (
				B838E04428A2941600169486 /* BaseExtension.swift */,
				B82F00A628A5268F0061E09E /* RxExtension.swift */,
			);
			path = Extension;
			sourceTree = "<group>";
		};
		B84330E628B2D3FB001B679B /* MostChampion */ = {
			isa = PBXGroup;
			children = (
				B84330E928B2D4AC001B679B /* MostChampionCollectionViewCell.swift */,
				B84330E728B2D48C001B679B /* MostChampionViewModel.swift */,
			);
			path = MostChampion;
			sourceTree = "<group>";
		};
		B847DAB128AD618A00C257F8 /* TierTag */ = {
			isa = PBXGroup;
			children = (
				B847DAB428AD630B00C257F8 /* TierTagsCollectionViewCell.swift */,
				B847DAB228AD61A200C257F8 /* TierTagViewModel.swift */,
			);
			path = TierTag;
			sourceTree = "<group>";
		};
		B86387BC289F55FE00331324 /* Repository */ = {
			isa = PBXGroup;
			children = (
				B86387BA289F55FA00331324 /* MainRepository.swift */,
				B838E02C28A24C2400169486 /* ChampionDetailRepository.swift */,
				B84330E428B2A753001B679B /* PlayerDetailRepository.swift */,
				B804B7E928B594ED007A7743 /* SearchRepository.swift */,
			);
			path = Repository;
			sourceTree = "<group>";
		};
		B86387BE289F5CDE00331324 /* View */ = {
			isa = PBXGroup;
			children = (
				B86387C1289F5D0700331324 /* Base */,
				B82F00AD28A6216D0061E09E /* MainTapBar */,
				B82F00B028A621DF0061E09E /* ChampionDetail */,
				B8FFBA7928AFEF56007867F5 /* PlayerDetail */,
				B877168228B406AC008C3738 /* SearchDetail */,
				B877168328B406D0008C3738 /* TierDetail */,
			);
			path = View;
			sourceTree = "<group>";
		};
		B86387C0289F5CF500331324 /* Model */ = {
			isa = PBXGroup;
			children = (
				B809290728AC06DF0023E80E /* Api */,
			);
			path = Model;
			sourceTree = "<group>";
		};
		B86387C1289F5D0700331324 /* Base */ = {
			isa = PBXGroup;
			children = (
				B8EBEE2F28ACE343002D170E /* CollectionViewHeader */,
				B86387C2289F5D1A00331324 /* UiState.swift */,
			);
			path = Base;
			sourceTree = "<group>";
		};
		B86387CE289F696D00331324 /* Utils */ = {
			isa = PBXGroup;
			children = (
				B838E04328A2940700169486 /* Extension */,
				B8B17D4628A13F530093AFD1 /* UrlConverter.swift */,
				B804B7CD28B540F4007A7743 /* Configure.swift */,
			);
			path = Utils;
			sourceTree = "<group>";
		};
		B877168228B406AC008C3738 /* SearchDetail */ = {
			isa = PBXGroup;
			children = (
				B877168628B40713008C3738 /* SearchDetailViewController.swift */,
				B804B7D728B575CA007A7743 /* SearchDetailViewModel.swift */,
				B804B7D928B58837007A7743 /* Subcontents */,
			);
			path = SearchDetail;
			sourceTree = "<group>";
		};
		B877168328B406D0008C3738 /* TierDetail */ = {
			isa = PBXGroup;
			children = (
				B877168428B406F8008C3738 /* TierDetailViewController.swift */,
			);
			path = TierDetail;
			sourceTree = "<group>";
		};
		B88AE9E6289E2B6B000EAD22 = {
			isa = PBXGroup;
			children = (
				B88AE9F1289E2B6B000EAD22 /* willd_lol */,
				B88AE9F0289E2B6B000EAD22 /* Products */,
			);
			sourceTree = "<group>";
		};
		B88AE9F0289E2B6B000EAD22 /* Products */ = {
			isa = PBXGroup;
			children = (
				B88AE9EF289E2B6B000EAD22 /* willd_lol.app */,
			);
			name = Products;
			sourceTree = "<group>";
		};
		B88AE9F1289E2B6B000EAD22 /* willd_lol */ = {
			isa = PBXGroup;
			children = (
				B88AE9F2289E2B6B000EAD22 /* AppDelegate.swift */,
				B88AE9F4289E2B6B000EAD22 /* SceneDelegate.swift */,
				B88AE9FB289E2B6E000EAD22 /* Assets.xcassets */,
				B88AE9FD289E2B6E000EAD22 /* LaunchScreen.storyboard */,
				B88AEA00289E2B6E000EAD22 /* Info.plist */,
				B88AEA28289E2E5A000EAD22 /* Network */,
				B86387BC289F55FE00331324 /* Repository */,
				B86387C0289F5CF500331324 /* Model */,
				B86387BE289F5CDE00331324 /* View */,
				B86387CE289F696D00331324 /* Utils */,
			);
			path = willd_lol;
			sourceTree = "<group>";
		};
		B88AEA28289E2E5A000EAD22 /* Network */ = {
			isa = PBXGroup;
			children = (
				B88AEA26289E2E4D000EAD22 /* ApiService.swift */,
			);
			path = Network;
			sourceTree = "<group>";
		};
		B8B0BE0F28B1586E00546094 /* SkillDetail */ = {
			isa = PBXGroup;
			children = (
				B8B0BE1228B158CC00546094 /* SkillDetailViewController.swift */,
				B8B0BE1028B1589E00546094 /* SkillDetailViewModel.swift */,
			);
			path = SkillDetail;
			sourceTree = "<group>";
		};
		B8D0673928A795500081E831 /* SubContents */ = {
			isa = PBXGroup;
			children = (
				B8D0673C28A796B60081E831 /* Skins */,
				B8D0673D28A796D80081E831 /* Tags */,
				B8D0673E28A796F60081E831 /* Skils */,
				B8D0673F28A797010081E831 /* Lore */,
				B8D0674028A797080081E831 /* Lanks */,
				B8D0674128A7970F0081E831 /* Comments */,
			);
			path = SubContents;
			sourceTree = "<group>";
		};
		B8D0673C28A796B60081E831 /* Skins */ = {
			isa = PBXGroup;
			children = (
				B8D0674228A797660081E831 /* SkinsCollectionViewCell.swift */,
				B8D0674428A7977B0081E831 /* SkinsViewModel.swift */,
			);
			path = Skins;
			sourceTree = "<group>";
		};
		B8D0673D28A796D80081E831 /* Tags */ = {
			isa = PBXGroup;
			children = (
				B8D0674628A799410081E831 /* TagsCollectionViewCell.swift */,
				B8D0674828A799880081E831 /* TagsViewModel.swift */,
			);
			path = Tags;
			sourceTree = "<group>";
		};
		B8D0673E28A796F60081E831 /* Skils */ = {
			isa = PBXGroup;
			children = (
				B8D0674A28A799B80081E831 /* SkillsCollectionViewCell.swift */,
				B8D0674C28A799E60081E831 /* SkillsViewModel.swift */,
				B8B0BE0F28B1586E00546094 /* SkillDetail */,
			);
			path = Skils;
			sourceTree = "<group>";
		};
		B8D0673F28A797010081E831 /* Lore */ = {
			isa = PBXGroup;
			children = (
				B8D0674E28A79A130081E831 /* LoreCollectionViewCell.swift */,
				B8D0675028A79A500081E831 /* LoreViewModel.swift */,
			);
			path = Lore;
			sourceTree = "<group>";
		};
		B8D0674028A797080081E831 /* Lanks */ = {
			isa = PBXGroup;
			children = (
				B8D0675228A79A6E0081E831 /* LankCollectionViewCell.swift */,
				B8D0675428A79A990081E831 /* LankViewModel.swift */,
			);
			path = Lanks;
			sourceTree = "<group>";
		};
		B8D0674128A7970F0081E831 /* Comments */ = {
			isa = PBXGroup;
			children = (
				B8D0675628A79AB30081E831 /* CommentCollectionViewCell.swift */,
				B8D0675828A79ACC0081E831 /* CommentViewModel.swift */,
			);
			path = Comments;
			sourceTree = "<group>";
		};
		B8EBEE1F28ACDF55002D170E /* SubContents */ = {
			isa = PBXGroup;
			children = (
				B804B7D228B55F0A007A7743 /* Search */,
				B8EBEE2028ACDF5F002D170E /* Recommend */,
				B847DAB128AD618A00C257F8 /* TierTag */,
				B8EBEE2228ACDFB2002D170E /* TierList */,
				B8EBEE2128ACDFA4002D170E /* PalyerRank */,
			);
			path = SubContents;
			sourceTree = "<group>";
		};
		B8EBEE2028ACDF5F002D170E /* Recommend */ = {
			isa = PBXGroup;
			children = (
				B8EBEE2328ACDFD7002D170E /* RecommendCollectionViewCell.swift */,
				B8EBEE2528ACDFEE002D170E /* RecommendViewModel.swift */,
			);
			path = Recommend;
			sourceTree = "<group>";
		};
		B8EBEE2128ACDFA4002D170E /* PalyerRank */ = {
			isa = PBXGroup;
			children = (
				B8EBEE2D28ACE112002D170E /* PlayerRankCollectionViewCell.swift */,
				B8EBEE2B28ACE0F4002D170E /* PlayerRankViewModel.swift */,
			);
			path = PalyerRank;
			sourceTree = "<group>";
		};
		B8EBEE2228ACDFB2002D170E /* TierList */ = {
			isa = PBXGroup;
			children = (
				B8EBEE2728ACE0A4002D170E /* TierCollectionViewCell.swift */,
				B8EBEE2928ACE0C0002D170E /* TierListViewModel.swift */,
			);
			path = TierList;
			sourceTree = "<group>";
		};
		B8EBEE2F28ACE343002D170E /* CollectionViewHeader */ = {
			isa = PBXGroup;
			children = (
				B8EBEE3028ACE362002D170E /* DefaultCollectionViewHeader.swift */,
			);
			path = CollectionViewHeader;
			sourceTree = "<group>";
		};
		B8FFBA7928AFEF56007867F5 /* PlayerDetail */ = {
			isa = PBXGroup;
			children = (
				B8FFBA7A28AFEFFA007867F5 /* PlayerDetailViewController.swift */,
				B8FFBA7C28AFF02B007867F5 /* PlayerDetailViewModel.swift */,
				B8FFBA8028AFF110007867F5 /* Subcontents */,
			);
			path = PlayerDetail;
			sourceTree = "<group>";
		};
		B8FFBA8028AFF110007867F5 /* Subcontents */ = {
			isa = PBXGroup;
			children = (
				B8FFBA8128AFF1A6007867F5 /* Summoner */,
				B8FFBA8328AFF1F3007867F5 /* MostChampionGuide */,
				B84330E628B2D3FB001B679B /* MostChampion */,
				B8FFBA8428AFF1FC007867F5 /* Match */,
			);
			path = Subcontents;
			sourceTree = "<group>";
		};
		B8FFBA8128AFF1A6007867F5 /* Summoner */ = {
			isa = PBXGroup;
			children = (
				B8FFBA8528AFF223007867F5 /* SummonerCollectionViewCell.swift */,
				B8FFBA8728AFF25D007867F5 /* SummonerViewModel.swift */,
			);
			path = Summoner;
			sourceTree = "<group>";
		};
		B8FFBA8328AFF1F3007867F5 /* MostChampionGuide */ = {
			isa = PBXGroup;
			children = (
				B8FFBA9128AFF35C007867F5 /* MostChampionGuideCollectionViewCell.swift */,
				B8FFBA8B28AFF2CA007867F5 /* MostChampionGuideViewModel.swift */,
			);
			path = MostChampionGuide;
			sourceTree = "<group>";
		};
		B8FFBA8428AFF1FC007867F5 /* Match */ = {
			isa = PBXGroup;
			children = (
				B8FFBA9328AFF389007867F5 /* MatchCollectionViewCell.swift */,
				B8FFBA8D28AFF2E0007867F5 /* MatchViewModel.swift */,
			);
			path = Match;
			sourceTree = "<group>";
		};
/* End PBXGroup section */

/* Begin PBXNativeTarget section */
		B88AE9EE289E2B6B000EAD22 /* willd_lol */ = {
			isa = PBXNativeTarget;
			buildConfigurationList = B88AEA03289E2B6E000EAD22 /* Build configuration list for PBXNativeTarget "willd_lol" */;
			buildPhases = (
				B88AE9EB289E2B6B000EAD22 /* Sources */,
				B88AE9EC289E2B6B000EAD22 /* Frameworks */,
				B88AE9ED289E2B6B000EAD22 /* Resources */,
			);
			buildRules = (
			);
			dependencies = (
			);
			name = willd_lol;
			packageProductDependencies = (
				B88AEA14289E2C6C000EAD22 /* RxCocoa */,
				B88AEA16289E2C6C000EAD22 /* RxRelay */,
				B88AEA18289E2C6C000EAD22 /* RxSwift */,
				B88AEA1B289E2C92000EAD22 /* Alamofire */,
				B88AEA1E289E2CB8000EAD22 /* SnapKit */,
				B88AEA21289E2CDA000EAD22 /* Then */,
				B88AEA24289E2CFE000EAD22 /* Kingfisher */,
				B8638778289F30D100331324 /* RxAlamofire */,
				B804B7D028B541E3007A7743 /* SkeletonView */,
			);
			productName = willd_lol;
			productReference = B88AE9EF289E2B6B000EAD22 /* willd_lol.app */;
			productType = "com.apple.product-type.application";
		};
/* End PBXNativeTarget section */

/* Begin PBXProject section */
		B88AE9E7289E2B6B000EAD22 /* Project object */ = {
			isa = PBXProject;
			attributes = {
				BuildIndependentTargetsInParallel = 1;
				LastSwiftUpdateCheck = 1340;
				LastUpgradeCheck = 1340;
				TargetAttributes = {
					B88AE9EE289E2B6B000EAD22 = {
						CreatedOnToolsVersion = 13.4.1;
					};
				};
			};
			buildConfigurationList = B88AE9EA289E2B6B000EAD22 /* Build configuration list for PBXProject "willd_lol" */;
			compatibilityVersion = "Xcode 13.0";
			developmentRegion = en;
			hasScannedForEncodings = 0;
			knownRegions = (
				en,
				Base,
			);
			mainGroup = B88AE9E6289E2B6B000EAD22;
			packageReferences = (
				B88AEA13289E2C6C000EAD22 /* XCRemoteSwiftPackageReference "RxSwift" */,
				B88AEA1A289E2C92000EAD22 /* XCRemoteSwiftPackageReference "Alamofire" */,
				B88AEA1D289E2CB8000EAD22 /* XCRemoteSwiftPackageReference "SnapKit" */,
				B88AEA20289E2CDA000EAD22 /* XCRemoteSwiftPackageReference "Then" */,
				B88AEA23289E2CFE000EAD22 /* XCRemoteSwiftPackageReference "Kingfisher" */,
				B8638777289F30D100331324 /* XCRemoteSwiftPackageReference "RxAlamofire" */,
				B804B7CF28B541E2007A7743 /* XCRemoteSwiftPackageReference "SkeletonView" */,
			);
			productRefGroup = B88AE9F0289E2B6B000EAD22 /* Products */;
			projectDirPath = "";
			projectRoot = "";
			targets = (
				B88AE9EE289E2B6B000EAD22 /* willd_lol */,
			);
		};
/* End PBXProject section */

/* Begin PBXResourcesBuildPhase section */
		B88AE9ED289E2B6B000EAD22 /* Resources */ = {
			isa = PBXResourcesBuildPhase;
			buildActionMask = 2147483647;
			files = (
				B88AE9FF289E2B6E000EAD22 /* LaunchScreen.storyboard in Resources */,
				B88AE9FC289E2B6E000EAD22 /* Assets.xcassets in Resources */,
			);
			runOnlyForDeploymentPostprocessing = 0;
		};
/* End PBXResourcesBuildPhase section */

/* Begin PBXSourcesBuildPhase section */
		B88AE9EB289E2B6B000EAD22 /* Sources */ = {
			isa = PBXSourcesBuildPhase;
			buildActionMask = 2147483647;
			files = (
				B8D0674F28A79A130081E831 /* LoreCollectionViewCell.swift in Sources */,
				B8D0674728A799410081E831 /* TagsCollectionViewCell.swift in Sources */,
				B804B7D428B55F1A007A7743 /* SearchCollectionViewCell.swift in Sources */,
				B84330EA28B2D4AC001B679B /* MostChampionCollectionViewCell.swift in Sources */,
				B86387D0289F744700331324 /* ChampionGoodAtPlayerApi.swift in Sources */,
				B838E04528A2941600169486 /* BaseExtension.swift in Sources */,
				B82F00A328A521BE0061E09E /* ChampionDetailViewController.swift in Sources */,
				B877168728B40713008C3738 /* SearchDetailViewController.swift in Sources */,
				B8EBEE2428ACDFD7002D170E /* RecommendCollectionViewCell.swift in Sources */,
				B8D0675328A79A6E0081E831 /* LankCollectionViewCell.swift in Sources */,
				B86387BB289F55FA00331324 /* MainRepository.swift in Sources */,
				B8EBEE2E28ACE112002D170E /* PlayerRankCollectionViewCell.swift in Sources */,
				B88AEA07289E2B8F000EAD22 /* MainTabBarController.swift in Sources */,
				B8EBEE2C28ACE0F4002D170E /* PlayerRankViewModel.swift in Sources */,
				B804B7D828B575CA007A7743 /* SearchDetailViewModel.swift in Sources */,
				B8D0675928A79ACC0081E831 /* CommentViewModel.swift in Sources */,
				B86387C3289F5D1A00331324 /* UiState.swift in Sources */,
				B804B7D628B55F58007A7743 /* searchCollectionViewModel.swift in Sources */,
				B847DAB328AD61A200C257F8 /* TierTagViewModel.swift in Sources */,
				B8B0BE1328B158CC00546094 /* SkillDetailViewController.swift in Sources */,
				B8D0674328A797660081E831 /* SkinsCollectionViewCell.swift in Sources */,
				B804B7E628B59042007A7743 /* SearchListViewCell.swift in Sources */,
				B82F00B228A64D060061E09E /* ChampionDetailViewModel.swift in Sources */,
				B8FFBA8E28AFF2E0007867F5 /* MatchViewModel.swift in Sources */,
				B8D0674928A799880081E831 /* TagsViewModel.swift in Sources */,
				B8B17D4728A13F530093AFD1 /* UrlConverter.swift in Sources */,
				B8FFBA7B28AFEFFA007867F5 /* PlayerDetailViewController.swift in Sources */,
				B86387D4289F843D00331324 /* PlayerDetailApi.swift in Sources */,
				B804B7CE28B540F4007A7743 /* Configure.swift in Sources */,
				B8FFBA8628AFF223007867F5 /* SummonerCollectionViewCell.swift in Sources */,
				B8904A5D289FCFF90051D4E9 /* ChampionTierListApi.swift in Sources */,
				B8953E2728A3C3D500AAC1E5 /* ChampionListViewCell.swift in Sources */,
				B86387CD289F679400331324 /* ChampionCommentApi.swift in Sources */,
				B8FFBA9228AFF35C007867F5 /* MostChampionGuideCollectionViewCell.swift in Sources */,
				B838E04228A2730A00169486 /* ChampionListViewController.swift in Sources */,
				B84330E528B2A753001B679B /* PlayerDetailRepository.swift in Sources */,
				B8953E2928A3E9EA00AAC1E5 /* HomeViewModel.swift in Sources */,
				B838E04028A272DB00169486 /* HomeViewController.swift in Sources */,
				B8EBEE2828ACE0A4002D170E /* TierCollectionViewCell.swift in Sources */,
				B8FFBA7D28AFF02B007867F5 /* PlayerDetailViewModel.swift in Sources */,
				B88AE9F3289E2B6B000EAD22 /* AppDelegate.swift in Sources */,
				B8FFBA8828AFF25D007867F5 /* SummonerViewModel.swift in Sources */,
				B86387D2289F792C00331324 /* PlayerMmrRankApi.swift in Sources */,
				B82F00A728A5268F0061E09E /* RxExtension.swift in Sources */,
				B84330E828B2D48C001B679B /* MostChampionViewModel.swift in Sources */,
				B8904A55289F9B8D0051D4E9 /* SearchPreview.swift in Sources */,
				B8B17D4528A0F1580093AFD1 /* ChampionDetailApi.swift in Sources */,
				B8D0675128A79A500081E831 /* LoreViewModel.swift in Sources */,
				B8D0675728A79AB30081E831 /* CommentCollectionViewCell.swift in Sources */,
				B804B7EA28B594ED007A7743 /* SearchRepository.swift in Sources */,
				B8D0674528A7977B0081E831 /* SkinsViewModel.swift in Sources */,
				B804B7E828B59094007A7743 /* SearchTableViewCellViewModel.swift in Sources */,
				B877168528B406F8008C3738 /* TierDetailViewController.swift in Sources */,
				B8904A59289FCB850051D4E9 /* ChampionRecommendApi.swift in Sources */,
				B8D0675528A79A990081E831 /* LankViewModel.swift in Sources */,
				B8B0BE1128B1589E00546094 /* SkillDetailViewModel.swift in Sources */,
				B8FFBA9428AFF389007867F5 /* MatchCollectionViewCell.swift in Sources */,
				B8EBEE3128ACE362002D170E /* DefaultCollectionViewHeader.swift in Sources */,
				B86387C7289F5FF800331324 /* ChampionListApi.swift in Sources */,
				B88AEA27289E2E4D000EAD22 /* ApiService.swift in Sources */,
				B8FFBA8C28AFF2CA007867F5 /* MostChampionGuideViewModel.swift in Sources */,
				B8D0674B28A799B80081E831 /* SkillsCollectionViewCell.swift in Sources */,
				B838E02D28A24C2400169486 /* ChampionDetailRepository.swift in Sources */,
				B88AE9F5289E2B6B000EAD22 /* SceneDelegate.swift in Sources */,
				B8D0674D28A799E60081E831 /* SkillsViewModel.swift in Sources */,
				B804B7DF28B588A6007A7743 /* SearchBarViewModel.swift in Sources */,
				B804B7DD28B5886F007A7743 /* SearchBar.swift in Sources */,
				B847DAB528AD630B00C257F8 /* TierTagsCollectionViewCell.swift in Sources */,
				B8953E2528A39A3200AAC1E5 /* ChampionListViewModel.swift in Sources */,
				B86387CB289F670F00331324 /* ChampionCommentCountApi.swift in Sources */,
				B8EBEE2A28ACE0C0002D170E /* TierListViewModel.swift in Sources */,
				B82F00A928A5698D0061E09E /* MainViewModel.swift in Sources */,
				B8EBEE2628ACDFEE002D170E /* RecommendViewModel.swift in Sources */,
			);
			runOnlyForDeploymentPostprocessing = 0;
		};
/* End PBXSourcesBuildPhase section */

/* Begin PBXVariantGroup section */
		B88AE9FD289E2B6E000EAD22 /* LaunchScreen.storyboard */ = {
			isa = PBXVariantGroup;
			children = (
				B88AE9FE289E2B6E000EAD22 /* Base */,
			);
			name = LaunchScreen.storyboard;
			sourceTree = "<group>";
		};
/* End PBXVariantGroup section */

/* Begin XCBuildConfiguration section */
		B88AEA01289E2B6E000EAD22 /* Debug */ = {
			isa = XCBuildConfiguration;
			buildSettings = {
				ALWAYS_SEARCH_USER_PATHS = NO;
				CLANG_ANALYZER_NONNULL = YES;
				CLANG_ANALYZER_NUMBER_OBJECT_CONVERSION = YES_AGGRESSIVE;
				CLANG_CXX_LANGUAGE_STANDARD = "gnu++17";
				CLANG_ENABLE_MODULES = YES;
				CLANG_ENABLE_OBJC_ARC = YES;
				CLANG_ENABLE_OBJC_WEAK = YES;
				CLANG_WARN_BLOCK_CAPTURE_AUTORELEASING = YES;
				CLANG_WARN_BOOL_CONVERSION = YES;
				CLANG_WARN_COMMA = YES;
				CLANG_WARN_CONSTANT_CONVERSION = YES;
				CLANG_WARN_DEPRECATED_OBJC_IMPLEMENTATIONS = YES;
				CLANG_WARN_DIRECT_OBJC_ISA_USAGE = YES_ERROR;
				CLANG_WARN_DOCUMENTATION_COMMENTS = YES;
				CLANG_WARN_EMPTY_BODY = YES;
				CLANG_WARN_ENUM_CONVERSION = YES;
				CLANG_WARN_INFINITE_RECURSION = YES;
				CLANG_WARN_INT_CONVERSION = YES;
				CLANG_WARN_NON_LITERAL_NULL_CONVERSION = YES;
				CLANG_WARN_OBJC_IMPLICIT_RETAIN_SELF = YES;
				CLANG_WARN_OBJC_LITERAL_CONVERSION = YES;
				CLANG_WARN_OBJC_ROOT_CLASS = YES_ERROR;
				CLANG_WARN_QUOTED_INCLUDE_IN_FRAMEWORK_HEADER = YES;
				CLANG_WARN_RANGE_LOOP_ANALYSIS = YES;
				CLANG_WARN_STRICT_PROTOTYPES = YES;
				CLANG_WARN_SUSPICIOUS_MOVE = YES;
				CLANG_WARN_UNGUARDED_AVAILABILITY = YES_AGGRESSIVE;
				CLANG_WARN_UNREACHABLE_CODE = YES;
				CLANG_WARN__DUPLICATE_METHOD_MATCH = YES;
				COPY_PHASE_STRIP = NO;
				DEBUG_INFORMATION_FORMAT = dwarf;
				ENABLE_STRICT_OBJC_MSGSEND = YES;
				ENABLE_TESTABILITY = YES;
				GCC_C_LANGUAGE_STANDARD = gnu11;
				GCC_DYNAMIC_NO_PIC = NO;
				GCC_NO_COMMON_BLOCKS = YES;
				GCC_OPTIMIZATION_LEVEL = 0;
				GCC_PREPROCESSOR_DEFINITIONS = (
					"DEBUG=1",
					"$(inherited)",
				);
				GCC_WARN_64_TO_32_BIT_CONVERSION = YES;
				GCC_WARN_ABOUT_RETURN_TYPE = YES_ERROR;
				GCC_WARN_UNDECLARED_SELECTOR = YES;
				GCC_WARN_UNINITIALIZED_AUTOS = YES_AGGRESSIVE;
				GCC_WARN_UNUSED_FUNCTION = YES;
				GCC_WARN_UNUSED_VARIABLE = YES;
				IPHONEOS_DEPLOYMENT_TARGET = 15.5;
				MTL_ENABLE_DEBUG_INFO = INCLUDE_SOURCE;
				MTL_FAST_MATH = YES;
				ONLY_ACTIVE_ARCH = YES;
				SDKROOT = iphoneos;
				SWIFT_ACTIVE_COMPILATION_CONDITIONS = DEBUG;
				SWIFT_OPTIMIZATION_LEVEL = "-Onone";
			};
			name = Debug;
		};
		B88AEA02289E2B6E000EAD22 /* Release */ = {
			isa = XCBuildConfiguration;
			buildSettings = {
				ALWAYS_SEARCH_USER_PATHS = NO;
				CLANG_ANALYZER_NONNULL = YES;
				CLANG_ANALYZER_NUMBER_OBJECT_CONVERSION = YES_AGGRESSIVE;
				CLANG_CXX_LANGUAGE_STANDARD = "gnu++17";
				CLANG_ENABLE_MODULES = YES;
				CLANG_ENABLE_OBJC_ARC = YES;
				CLANG_ENABLE_OBJC_WEAK = YES;
				CLANG_WARN_BLOCK_CAPTURE_AUTORELEASING = YES;
				CLANG_WARN_BOOL_CONVERSION = YES;
				CLANG_WARN_COMMA = YES;
				CLANG_WARN_CONSTANT_CONVERSION = YES;
				CLANG_WARN_DEPRECATED_OBJC_IMPLEMENTATIONS = YES;
				CLANG_WARN_DIRECT_OBJC_ISA_USAGE = YES_ERROR;
				CLANG_WARN_DOCUMENTATION_COMMENTS = YES;
				CLANG_WARN_EMPTY_BODY = YES;
				CLANG_WARN_ENUM_CONVERSION = YES;
				CLANG_WARN_INFINITE_RECURSION = YES;
				CLANG_WARN_INT_CONVERSION = YES;
				CLANG_WARN_NON_LITERAL_NULL_CONVERSION = YES;
				CLANG_WARN_OBJC_IMPLICIT_RETAIN_SELF = YES;
				CLANG_WARN_OBJC_LITERAL_CONVERSION = YES;
				CLANG_WARN_OBJC_ROOT_CLASS = YES_ERROR;
				CLANG_WARN_QUOTED_INCLUDE_IN_FRAMEWORK_HEADER = YES;
				CLANG_WARN_RANGE_LOOP_ANALYSIS = YES;
				CLANG_WARN_STRICT_PROTOTYPES = YES;
				CLANG_WARN_SUSPICIOUS_MOVE = YES;
				CLANG_WARN_UNGUARDED_AVAILABILITY = YES_AGGRESSIVE;
				CLANG_WARN_UNREACHABLE_CODE = YES;
				CLANG_WARN__DUPLICATE_METHOD_MATCH = YES;
				COPY_PHASE_STRIP = NO;
				DEBUG_INFORMATION_FORMAT = "dwarf-with-dsym";
				ENABLE_NS_ASSERTIONS = NO;
				ENABLE_STRICT_OBJC_MSGSEND = YES;
				GCC_C_LANGUAGE_STANDARD = gnu11;
				GCC_NO_COMMON_BLOCKS = YES;
				GCC_WARN_64_TO_32_BIT_CONVERSION = YES;
				GCC_WARN_ABOUT_RETURN_TYPE = YES_ERROR;
				GCC_WARN_UNDECLARED_SELECTOR = YES;
				GCC_WARN_UNINITIALIZED_AUTOS = YES_AGGRESSIVE;
				GCC_WARN_UNUSED_FUNCTION = YES;
				GCC_WARN_UNUSED_VARIABLE = YES;
				IPHONEOS_DEPLOYMENT_TARGET = 15.5;
				MTL_ENABLE_DEBUG_INFO = NO;
				MTL_FAST_MATH = YES;
				SDKROOT = iphoneos;
				SWIFT_COMPILATION_MODE = wholemodule;
				SWIFT_OPTIMIZATION_LEVEL = "-O";
				VALIDATE_PRODUCT = YES;
			};
			name = Release;
		};
		B88AEA04289E2B6E000EAD22 /* Debug */ = {
			isa = XCBuildConfiguration;
			buildSettings = {
				ASSETCATALOG_COMPILER_APPICON_NAME = AppIcon;
				ASSETCATALOG_COMPILER_GLOBAL_ACCENT_COLOR_NAME = AccentColor;
				CODE_SIGN_STYLE = Automatic;
				CURRENT_PROJECT_VERSION = 1;
				DEVELOPMENT_TEAM = WM9W532AJA;
				GENERATE_INFOPLIST_FILE = YES;
				INFOPLIST_FILE = willd_lol/Info.plist;
				INFOPLIST_KEY_UIApplicationSupportsIndirectInputEvents = YES;
				INFOPLIST_KEY_UILaunchStoryboardName = LaunchScreen;
				INFOPLIST_KEY_UISupportedInterfaceOrientations_iPad = "UIInterfaceOrientationPortrait UIInterfaceOrientationPortraitUpsideDown UIInterfaceOrientationLandscapeLeft UIInterfaceOrientationLandscapeRight";
				INFOPLIST_KEY_UISupportedInterfaceOrientations_iPhone = "UIInterfaceOrientationPortrait UIInterfaceOrientationLandscapeLeft UIInterfaceOrientationLandscapeRight";
				IPHONEOS_DEPLOYMENT_TARGET = 13.0;
				LD_RUNPATH_SEARCH_PATHS = (
					"$(inherited)",
					"@executable_path/Frameworks",
				);
				MARKETING_VERSION = 1.0;
				PRODUCT_BUNDLE_IDENTIFIER = "com.will-d.willd-lol";
				PRODUCT_NAME = "$(TARGET_NAME)";
				SWIFT_EMIT_LOC_STRINGS = YES;
				SWIFT_VERSION = 5.0;
				TARGETED_DEVICE_FAMILY = "1,2";
			};
			name = Debug;
		};
		B88AEA05289E2B6E000EAD22 /* Release */ = {
			isa = XCBuildConfiguration;
			buildSettings = {
				ASSETCATALOG_COMPILER_APPICON_NAME = AppIcon;
				ASSETCATALOG_COMPILER_GLOBAL_ACCENT_COLOR_NAME = AccentColor;
				CODE_SIGN_STYLE = Automatic;
				CURRENT_PROJECT_VERSION = 1;
				DEVELOPMENT_TEAM = WM9W532AJA;
				GENERATE_INFOPLIST_FILE = YES;
				INFOPLIST_FILE = willd_lol/Info.plist;
				INFOPLIST_KEY_UIApplicationSupportsIndirectInputEvents = YES;
				INFOPLIST_KEY_UILaunchStoryboardName = LaunchScreen;
				INFOPLIST_KEY_UISupportedInterfaceOrientations_iPad = "UIInterfaceOrientationPortrait UIInterfaceOrientationPortraitUpsideDown UIInterfaceOrientationLandscapeLeft UIInterfaceOrientationLandscapeRight";
				INFOPLIST_KEY_UISupportedInterfaceOrientations_iPhone = "UIInterfaceOrientationPortrait UIInterfaceOrientationLandscapeLeft UIInterfaceOrientationLandscapeRight";
				IPHONEOS_DEPLOYMENT_TARGET = 13.0;
				LD_RUNPATH_SEARCH_PATHS = (
					"$(inherited)",
					"@executable_path/Frameworks",
				);
				MARKETING_VERSION = 1.0;
				PRODUCT_BUNDLE_IDENTIFIER = "com.will-d.willd-lol";
				PRODUCT_NAME = "$(TARGET_NAME)";
				SWIFT_EMIT_LOC_STRINGS = YES;
				SWIFT_VERSION = 5.0;
				TARGETED_DEVICE_FAMILY = "1,2";
			};
			name = Release;
		};
/* End XCBuildConfiguration section */

/* Begin XCConfigurationList section */
		B88AE9EA289E2B6B000EAD22 /* Build configuration list for PBXProject "willd_lol" */ = {
			isa = XCConfigurationList;
			buildConfigurations = (
				B88AEA01289E2B6E000EAD22 /* Debug */,
				B88AEA02289E2B6E000EAD22 /* Release */,
			);
			defaultConfigurationIsVisible = 0;
			defaultConfigurationName = Release;
		};
		B88AEA03289E2B6E000EAD22 /* Build configuration list for PBXNativeTarget "willd_lol" */ = {
			isa = XCConfigurationList;
			buildConfigurations = (
				B88AEA04289E2B6E000EAD22 /* Debug */,
				B88AEA05289E2B6E000EAD22 /* Release */,
			);
			defaultConfigurationIsVisible = 0;
			defaultConfigurationName = Release;
		};
/* End XCConfigurationList section */

/* Begin XCRemoteSwiftPackageReference section */
		B804B7CF28B541E2007A7743 /* XCRemoteSwiftPackageReference "SkeletonView" */ = {
			isa = XCRemoteSwiftPackageReference;
			repositoryURL = "https://github.com/Juanpe/SkeletonView";
			requirement = {
				kind = upToNextMajorVersion;
				minimumVersion = 1.0.0;
			};
		};
		B8638777289F30D100331324 /* XCRemoteSwiftPackageReference "RxAlamofire" */ = {
			isa = XCRemoteSwiftPackageReference;
			repositoryURL = "https://github.com/RxSwiftCommunity/RxAlamofire";
			requirement = {
				branch = main;
				kind = branch;
			};
		};
		B88AEA13289E2C6C000EAD22 /* XCRemoteSwiftPackageReference "RxSwift" */ = {
			isa = XCRemoteSwiftPackageReference;
			repositoryURL = "https://github.com/ReactiveX/RxSwift";
			requirement = {
				branch = main;
				kind = branch;
			};
		};
		B88AEA1A289E2C92000EAD22 /* XCRemoteSwiftPackageReference "Alamofire" */ = {
			isa = XCRemoteSwiftPackageReference;
			repositoryURL = "https://github.com/Alamofire/Alamofire";
			requirement = {
				branch = master;
				kind = branch;
			};
		};
		B88AEA1D289E2CB8000EAD22 /* XCRemoteSwiftPackageReference "SnapKit" */ = {
			isa = XCRemoteSwiftPackageReference;
			repositoryURL = "https://github.com/SnapKit/SnapKit";
			requirement = {
				branch = develop;
				kind = branch;
			};
		};
		B88AEA20289E2CDA000EAD22 /* XCRemoteSwiftPackageReference "Then" */ = {
			isa = XCRemoteSwiftPackageReference;
			repositoryURL = "https://github.com/devxoul/Then";
			requirement = {
				branch = master;
				kind = branch;
			};
		};
		B88AEA23289E2CFE000EAD22 /* XCRemoteSwiftPackageReference "Kingfisher" */ = {
			isa = XCRemoteSwiftPackageReference;
			repositoryURL = "https://github.com/onevcat/Kingfisher";
			requirement = {
				branch = master;
				kind = branch;
			};
		};
/* End XCRemoteSwiftPackageReference section */

/* Begin XCSwiftPackageProductDependency section */
		B804B7D028B541E3007A7743 /* SkeletonView */ = {
			isa = XCSwiftPackageProductDependency;
			package = B804B7CF28B541E2007A7743 /* XCRemoteSwiftPackageReference "SkeletonView" */;
			productName = SkeletonView;
		};
		B8638778289F30D100331324 /* RxAlamofire */ = {
			isa = XCSwiftPackageProductDependency;
			package = B8638777289F30D100331324 /* XCRemoteSwiftPackageReference "RxAlamofire" */;
			productName = RxAlamofire;
		};
		B88AEA14289E2C6C000EAD22 /* RxCocoa */ = {
			isa = XCSwiftPackageProductDependency;
			package = B88AEA13289E2C6C000EAD22 /* XCRemoteSwiftPackageReference "RxSwift" */;
			productName = RxCocoa;
		};
		B88AEA16289E2C6C000EAD22 /* RxRelay */ = {
			isa = XCSwiftPackageProductDependency;
			package = B88AEA13289E2C6C000EAD22 /* XCRemoteSwiftPackageReference "RxSwift" */;
			productName = RxRelay;
		};
		B88AEA18289E2C6C000EAD22 /* RxSwift */ = {
			isa = XCSwiftPackageProductDependency;
			package = B88AEA13289E2C6C000EAD22 /* XCRemoteSwiftPackageReference "RxSwift" */;
			productName = RxSwift;
		};
		B88AEA1B289E2C92000EAD22 /* Alamofire */ = {
			isa = XCSwiftPackageProductDependency;
			package = B88AEA1A289E2C92000EAD22 /* XCRemoteSwiftPackageReference "Alamofire" */;
			productName = Alamofire;
		};
		B88AEA1E289E2CB8000EAD22 /* SnapKit */ = {
			isa = XCSwiftPackageProductDependency;
			package = B88AEA1D289E2CB8000EAD22 /* XCRemoteSwiftPackageReference "SnapKit" */;
			productName = SnapKit;
		};
		B88AEA21289E2CDA000EAD22 /* Then */ = {
			isa = XCSwiftPackageProductDependency;
			package = B88AEA20289E2CDA000EAD22 /* XCRemoteSwiftPackageReference "Then" */;
			productName = Then;
		};
		B88AEA24289E2CFE000EAD22 /* Kingfisher */ = {
			isa = XCSwiftPackageProductDependency;
			package = B88AEA23289E2CFE000EAD22 /* XCRemoteSwiftPackageReference "Kingfisher" */;
			productName = Kingfisher;
		};
/* End XCSwiftPackageProductDependency section */
	};
	rootObject = B88AE9E7289E2B6B000EAD22 /* Project object */;
}
